// !$*UTF8*$!
{
	archiveVersion = 1;
	classes = {
	};
	objectVersion = 71;
	objects = {

/* Begin PBXContainerItemProxy section */
		E4F6225820A72C25C0416D7F /* PBXContainerItemProxy */ = {
			isa = PBXContainerItemProxy;
			containerPortal = 8C1BDDC38D6EFE3AEE8C0018 /* Project object */;
			proxyType = 1;
			remoteGlobalIDString = 0D1FC45704526481C9D8404F;
			remoteInfo = SomaFM;
		};
/* End PBXContainerItemProxy section */

/* Begin PBXFileReference section */
		7E2778BA0BD4E8E38678E7EC /* SomaFM miniplayer.app */ = {isa = PBXFileReference; explicitFileType = wrapper.application; includeInIndex = 0; path = "SomaFM miniplayer.app"; sourceTree = BUILT_PRODUCTS_DIR; };
		8EBEC2036702FBF62332905C /* SomaFM.entitlements */ = {isa = PBXFileReference; includeInIndex = 1; lastKnownFileType = text.plist.entitlements; path = SomaFM.entitlements; sourceTree = "<group>"; };
		8FCCA85FD744957A4A7D83E8 /* SomaFMTests.xctest */ = {isa = PBXFileReference; explicitFileType = wrapper.cfbundle; includeInIndex = 0; path = SomaFMTests.xctest; sourceTree = BUILT_PRODUCTS_DIR; };
		F97C0C3B9D9E7B802779C3F6 /* Info.plist */ = {isa = PBXFileReference; includeInIndex = 1; lastKnownFileType = text.plist.xml; path = Info.plist; sourceTree = "<group>"; };
/* End PBXFileReference section */

/* Begin PBXFileSystemSynchronizedRootGroup section */
		2D20B98FAA8191C0D49BD0A0 /* Source */ = {isa = PBXFileSystemSynchronizedRootGroup; explicitFileTypes = {}; explicitFolders = (); path = Source; sourceTree = "<group>"; };
		4D52B04837B1DA8FB8C6D8A0 /* Tests */ = {isa = PBXFileSystemSynchronizedRootGroup; explicitFileTypes = {}; explicitFolders = (); path = Tests; sourceTree = "<group>"; };
		F4B06F834C3EAF3E95AFB7C0 /* Resources */ = {isa = PBXFileSystemSynchronizedRootGroup; explicitFileTypes = {}; explicitFolders = (); path = Resources; sourceTree = "<group>"; };
/* End PBXFileSystemSynchronizedRootGroup section */

/* Begin PBXFrameworksBuildPhase section */
		082A3647304C5FF31EEAF955 /* Frameworks */ = {
			isa = PBXFrameworksBuildPhase;
			buildActionMask = 2147483647;
			files = (
			);
			runOnlyForDeploymentPostprocessing = 0;
		};
		3E0525B7B1EC7B9EAACD2CDD /* Frameworks */ = {
			isa = PBXFrameworksBuildPhase;
			buildActionMask = 2147483647;
			files = (
			);
			runOnlyForDeploymentPostprocessing = 0;
		};
/* End PBXFrameworksBuildPhase section */

/* Begin PBXGroup section */
		24BB841595BDFBEEF114DDB2 = {
			isa = PBXGroup;
			children = (
				9667F0A7733F83EB1A5DCEE0 /* Products */,
				330E6300211EB212E46D7564 /* Supporting-files */,
				2D20B98FAA8191C0D49BD0A0 /* Source */,
				F4B06F834C3EAF3E95AFB7C0 /* Resources */,
				4D52B04837B1DA8FB8C6D8A0 /* Tests */,
			);
			sourceTree = "<group>";
		};
		330E6300211EB212E46D7564 /* Supporting-files */ = {
			isa = PBXGroup;
			children = (
				F97C0C3B9D9E7B802779C3F6 /* Info.plist */,
				8EBEC2036702FBF62332905C /* SomaFM.entitlements */,
			);
			path = "Supporting-files";
			sourceTree = "<group>";
		};
		9667F0A7733F83EB1A5DCEE0 /* Products */ = {
			isa = PBXGroup;
			children = (
				7E2778BA0BD4E8E38678E7EC /* SomaFM miniplayer.app */,
				8FCCA85FD744957A4A7D83E8 /* SomaFMTests.xctest */,
			);
			name = Products;
			sourceTree = "<group>";
		};
/* End PBXGroup section */

/* Begin PBXNativeTarget section */
		0D1FC45704526481C9D8404F /* SomaFM */ = {
			isa = PBXNativeTarget;
			buildConfigurationList = 66DCF72A9239A3065EEA6F02 /* Build configuration list for PBXNativeTarget "SomaFM" */;
			buildPhases = (
				BB87089BED00A87F19F87A88 /* Sources */,
				082A3647304C5FF31EEAF955 /* Frameworks */,
				F111E81C2A4193E0FBD72FBD /* Resources */,
				212BD91FB4A34C149C704EB7 /* Update Build Number */,
			);
			buildRules = (
			);
			dependencies = (
			);
			fileSystemSynchronizedGroups = (
				2D20B98FAA8191C0D49BD0A0 /* Source */,
				F4B06F834C3EAF3E95AFB7C0 /* Resources */,
			);
			name = SomaFM;
			productName = "SomaFM miniplayer";
			productReference = 7E2778BA0BD4E8E38678E7EC /* SomaFM miniplayer.app */;
			productType = "com.apple.product-type.application";
		};
		172CD325BF15BEB97269C4BC /* SomaFMTests */ = {
			isa = PBXNativeTarget;
			buildConfigurationList = 3944481FA8D1559CA5006DED /* Build configuration list for PBXNativeTarget "SomaFMTests" */;
			buildPhases = (
				C34B9B3B6E18BC41ADBB9E88 /* Sources */,
				3E0525B7B1EC7B9EAACD2CDD /* Frameworks */,
				19DCE8071CB829EC5B6B1401 /* Resources */,
			);
			buildRules = (
			);
			dependencies = (
				38BAB98A8EBFCE3ED3EFE58D /* PBXTargetDependency */,
			);
			fileSystemSynchronizedGroups = (
				4D52B04837B1DA8FB8C6D8A0 /* Tests */,
			);
			name = SomaFMTests;
			productName = SomaFMTests;
			productReference = 8FCCA85FD744957A4A7D83E8 /* SomaFMTests.xctest */;
			productType = "com.apple.product-type.bundle.unit-test";
		};
/* End PBXNativeTarget section */

/* Begin PBXProject section */
		8C1BDDC38D6EFE3AEE8C0018 /* Project object */ = {
			isa = PBXProject;
			attributes = {
				LastSwiftUpdateCheck = 2660;
				LastUpgradeCheck = 2660;
				ORGANIZATIONNAME = "Evgeny Aleksandrov";
				TargetAttributes = {
					0D1FC45704526481C9D8404F = {
						CreatedOnToolsVersion = 26.6;
						DevelopmentTeam = 5567X9EQ9Q;
						ProvisioningStyle = Automatic;
						SystemCapabilities = {
							com.apple.HardenedRuntime = {
								enabled = 1;
							};
							com.apple.Sandbox = {
								enabled = 1;
							};
						};
					};
					172CD325BF15BEB97269C4BC = {
						CreatedOnToolsVersion = 26.6;
						DevelopmentTeam = 5567X9EQ9Q;
						ProvisioningStyle = Automatic;
					};
				};
			};
			buildConfigurationList = 38F5A56CB228733267966D72 /* Build configuration list for PBXProject "SomaFM" */;
			compatibilityVersion = "Xcode 16.0";
			developmentRegion = en;
			hasScannedForEncodings = 0;
			knownRegions = (
				en,
				Base,
			);
			mainGroup = 24BB841595BDFBEEF114DDB2;
			productRefGroup = 9667F0A7733F83EB1A5DCEE0 /* Products */;
			projectDirPath = "";
			projectRoot = "";
			targets = (
				0D1FC45704526481C9D8404F /* SomaFM */,
				172CD325BF15BEB97269C4BC /* SomaFMTests */,
			);
		};
/* End PBXProject section */

/* Begin PBXResourcesBuildPhase section */
		19DCE8071CB829EC5B6B1401 /* Resources */ = {
			isa = PBXResourcesBuildPhase;
			buildActionMask = 2147483647;
			files = (
			);
			runOnlyForDeploymentPostprocessing = 0;
		};
		F111E81C2A4193E0FBD72FBD /* Resources */ = {
			isa = PBXResourcesBuildPhase;
			buildActionMask = 2147483647;
			files = (
			);
			runOnlyForDeploymentPostprocessing = 0;
		};
/* End PBXResourcesBuildPhase section */

/* Begin PBXShellScriptBuildPhase section */
		212BD91FB4A34C149C704EB7 /* Update Build Number */ = {
			isa = PBXShellScriptBuildPhase;
			alwaysOutOfDate = 1;
			buildActionMask = 2147483647;
			files = (
			);
			inputFileListPaths = (
			);
			inputPaths = (
				"$(TARGET_BUILD_DIR)/$(INFOPLIST_PATH)",
			);
			name = "Update Build Number";
			outputFileListPaths = (
			);
			outputPaths = (
			);
			runOnlyForDeploymentPostprocessing = 0;
			shellPath = /bin/sh;
			shellScript = "sh Scripts/autoupdate-revision.sh\n";
			showEnvVarsInLog = 0;
		};
/* End PBXShellScriptBuildPhase section */

/* Begin PBXSourcesBuildPhase section */
		BB87089BED00A87F19F87A88 /* Sources */ = {
			isa = PBXSourcesBuildPhase;
			buildActionMask = 2147483647;
			files = (
			);
			runOnlyForDeploymentPostprocessing = 0;
		};
		C34B9B3B6E18BC41ADBB9E88 /* Sources */ = {
			isa = PBXSourcesBuildPhase;
			buildActionMask = 2147483647;
			files = (
			);
			runOnlyForDeploymentPostprocessing = 0;
		};
/* End PBXSourcesBuildPhase section */

/* Begin PBXTargetDependency section */
		38BAB98A8EBFCE3ED3EFE58D /* PBXTargetDependency */ = {
			isa = PBXTargetDependency;
			name = SomaFM;
			target = 0D1FC45704526481C9D8404F /* SomaFM */;
			targetProxy = E4F6225820A72C25C0416D7F /* PBXContainerItemProxy */;
		};
/* End PBXTargetDependency section */

/* Begin XCBuildConfiguration section */
		3801BDE2730C17AF6984DFDB /* Release */ = {
			isa = XCBuildConfiguration;
			buildSettings = {
				ALWAYS_SEARCH_USER_PATHS = NO;
				ARCHS = "$(ARCHS_STANDARD)";
				CLANG_ANALYZER_NONNULL = YES;
				CLANG_ANALYZER_NUMBER_OBJECT_CONVERSION = YES_AGGRESSIVE;
				CLANG_CXX_LANGUAGE_STANDARD = "gnu++14";
				CLANG_CXX_LIBRARY = "libc++";
				CLANG_ENABLE_MODULES = YES;
				CLANG_ENABLE_OBJC_ARC = YES;
				CLANG_ENABLE_OBJC_WEAK = YES;
				CLANG_WARN_BLOCK_CAPTURE_AUTORELEASING = YES;
				CLANG_WARN_BOOL_CONVERSION = YES;
				CLANG_WARN_COMMA = YES;
				CLANG_WARN_CONSTANT_CONVERSION = YES;
				CLANG_WARN_DEPRECATED_OBJC_IMPLEMENTATIONS = YES;
				CLANG_WARN_DIRECT_OBJC_ISA_USAGE = YES_ERROR;
				CLANG_WARN_DOCUMENTATION_COMMENTS = YES;
				CLANG_WARN_EMPTY_BODY = YES;
				CLANG_WARN_ENUM_CONVERSION = YES;
				CLANG_WARN_INFINITE_RECURSION = YES;
				CLANG_WARN_INT_CONVERSION = YES;
				CLANG_WARN_NON_LITERAL_NULL_CONVERSION = YES;
				CLANG_WARN_OBJC_IMPLICIT_RETAIN_SELF = YES;
				CLANG_WARN_OBJC_LITERAL_CONVERSION = YES;
				CLANG_WARN_OBJC_ROOT_CLASS = YES_ERROR;
				CLANG_WARN_QUOTED_INCLUDE_IN_FRAMEWORK_HEADER = YES;
				CLANG_WARN_RANGE_LOOP_ANALYSIS = YES;
				CLANG_WARN_STRICT_PROTOTYPES = YES;
				CLANG_WARN_SUSPICIOUS_MOVE = YES;
				CLANG_WARN_UNGUARDED_AVAILABILITY = YES_AGGRESSIVE;
				CLANG_WARN_UNREACHABLE_CODE = YES;
				CLANG_WARN__DUPLICATE_METHOD_MATCH = YES;
				COPY_PHASE_STRIP = NO;
				DEBUG_INFORMATION_FORMAT = "dwarf-with-dsym";
				ENABLE_NS_ASSERTIONS = NO;
				ENABLE_STRICT_OBJC_MSGSEND = YES;
				ENABLE_USER_SCRIPT_SANDBOXING = YES;
				GCC_C_LANGUAGE_STANDARD = gnu11;
				GCC_NO_COMMON_BLOCKS = YES;
				GCC_WARN_64_TO_32_BIT_CONVERSION = YES;
				GCC_WARN_ABOUT_RETURN_TYPE = YES_ERROR;
				GCC_WARN_UNDECLARED_SELECTOR = YES;
				GCC_WARN_UNINITIALIZED_AUTOS = YES_AGGRESSIVE;
				GCC_WARN_UNUSED_FUNCTION = YES;
				GCC_WARN_UNUSED_VARIABLE = YES;
				MACOSX_DEPLOYMENT_TARGET = 14.0;
				MTL_ENABLE_DEBUG_INFO = NO;
				MTL_FAST_MATH = YES;
				ONLY_ACTIVE_ARCH = NO;
				PRODUCT_NAME = "$(TARGET_NAME)";
				SDKROOT = macosx;
				SWIFT_COMPILATION_MODE = wholemodule;
				SWIFT_OPTIMIZATION_LEVEL = "-O";
				SWIFT_STRICT_CONCURRENCY = complete;
				SWIFT_VERSION = 6.0;
			};
			name = Release;
		};
		78307329B854D77174C8E1D6 /* Debug */ = {
			isa = XCBuildConfiguration;
			buildSettings = {
				ASSETCATALOG_COMPILER_APPICON_NAME = waveform;
				CODE_SIGN_ENTITLEMENTS = "Supporting-files/SomaFM.entitlements";
				CODE_SIGN_STYLE = Automatic;
				COMBINE_HIDPI_IMAGES = YES;
				CURRENT_PROJECT_VERSION = 1;
				DEVELOPMENT_TEAM = 5567X9EQ9Q;
				ENABLE_HARDENED_RUNTIME = YES;
				ENABLE_USER_SCRIPT_SANDBOXING = NO;
				GENERATE_INFOPLIST_FILE = NO;
				INFOPLIST_FILE = "Supporting-files/Info.plist";
				LD_RUNPATH_SEARCH_PATHS = (
					"$(inherited)",
					"@executable_path/../Frameworks",
				);
				MACOSX_DEPLOYMENT_TARGET = 14.0;
				MARKETING_VERSION = 2.0.0;
				PRODUCT_BUNDLE_IDENTIFIER = com.ealeksandrov.somafm;
				PRODUCT_MODULE_NAME = SomaFM_miniplayer;
				PRODUCT_NAME = "SomaFM miniplayer";
				SDKROOT = macosx;
			};
			name = Debug;
		};
		86CB2DB51AC9A2C567CD4564 /* Debug */ = {
			isa = XCBuildConfiguration;
			buildSettings = {
				BUNDLE_LOADER = "$(TEST_HOST)";
				CODE_SIGN_STYLE = Automatic;
				DEVELOPMENT_TEAM = 5567X9EQ9Q;
				GENERATE_INFOPLIST_FILE = YES;
				MACOSX_DEPLOYMENT_TARGET = 14.0;
				PRODUCT_BUNDLE_IDENTIFIER = com.ealeksandrov.somafm.tests;
				PRODUCT_MODULE_NAME = SomaFMTests;
				SDKROOT = macosx;
				TEST_HOST = "$(BUILT_PRODUCTS_DIR)/SomaFM miniplayer.app/Contents/MacOS/SomaFM miniplayer";
			};
			name = Debug;
		};
		98B9A1F5A03579511D8BA17F /* Release */ = {
			isa = XCBuildConfiguration;
			buildSettings = {
				ASSETCATALOG_COMPILER_APPICON_NAME = waveform;
				CODE_SIGN_ENTITLEMENTS = "Supporting-files/SomaFM.entitlements";
				CODE_SIGN_STYLE = Automatic;
				COMBINE_HIDPI_IMAGES = YES;
				CURRENT_PROJECT_VERSION = 1;
				DEVELOPMENT_TEAM = 5567X9EQ9Q;
				ENABLE_HARDENED_RUNTIME = YES;
				ENABLE_USER_SCRIPT_SANDBOXING = NO;
				GENERATE_INFOPLIST_FILE = NO;
				INFOPLIST_FILE = "Supporting-files/Info.plist";
				LD_RUNPATH_SEARCH_PATHS = (
					"$(inherited)",
					"@executable_path/../Frameworks",
				);
				MACOSX_DEPLOYMENT_TARGET = 14.0;
				MARKETING_VERSION = 2.0.0;
				PRODUCT_BUNDLE_IDENTIFIER = com.ealeksandrov.somafm;
				PRODUCT_MODULE_NAME = SomaFM_miniplayer;
				PRODUCT_NAME = "SomaFM miniplayer";
				SDKROOT = macosx;
			};
			name = Release;
		};
		F450F37AD1AF4543B92D0C90 /* Release */ = {
			isa = XCBuildConfiguration;
			buildSettings = {
				BUNDLE_LOADER = "$(TEST_HOST)";
				CODE_SIGN_STYLE = Automatic;
				DEVELOPMENT_TEAM = 5567X9EQ9Q;
				GENERATE_INFOPLIST_FILE = YES;
				MACOSX_DEPLOYMENT_TARGET = 14.0;
				PRODUCT_BUNDLE_IDENTIFIER = com.ealeksandrov.somafm.tests;
				PRODUCT_MODULE_NAME = SomaFMTests;
				SDKROOT = macosx;
				TEST_HOST = "$(BUILT_PRODUCTS_DIR)/SomaFM miniplayer.app/Contents/MacOS/SomaFM miniplayer";
			};
			name = Release;
		};
		F88DCD09AF19710F6D20FBAD /* Debug */ = {
			isa = XCBuildConfiguration;
			buildSettings = {
				ALWAYS_SEARCH_USER_PATHS = NO;
				ARCHS = "$(ARCHS_STANDARD)";
				CLANG_ANALYZER_NONNULL = YES;
				CLANG_ANALYZER_NUMBER_OBJECT_CONVERSION = YES_AGGRESSIVE;
				CLANG_CXX_LANGUAGE_STANDARD = "gnu++14";
				CLANG_CXX_LIBRARY = "libc++";
				CLANG_ENABLE_MODULES = YES;
				CLANG_ENABLE_OBJC_ARC = YES;
				CLANG_ENABLE_OBJC_WEAK = YES;
				CLANG_WARN_BLOCK_CAPTURE_AUTORELEASING = YES;
				CLANG_WARN_BOOL_CONVERSION = YES;
				CLANG_WARN_COMMA = YES;
				CLANG_WARN_CONSTANT_CONVERSION = YES;
				CLANG_WARN_DEPRECATED_OBJC_IMPLEMENTATIONS = YES;
				CLANG_WARN_DIRECT_OBJC_ISA_USAGE = YES_ERROR;
				CLANG_WARN_DOCUMENTATION_COMMENTS = YES;
				CLANG_WARN_EMPTY_BODY = YES;
				CLANG_WARN_ENUM_CONVERSION = YES;
				CLANG_WARN_INFINITE_RECURSION = YES;
				CLANG_WARN_INT_CONVERSION = YES;
				CLANG_WARN_NON_LITERAL_NULL_CONVERSION = YES;
				CLANG_WARN_OBJC_IMPLICIT_RETAIN_SELF = YES;
				CLANG_WARN_OBJC_LITERAL_CONVERSION = YES;
				CLANG_WARN_OBJC_ROOT_CLASS = YES_ERROR;
				CLANG_WARN_QUOTED_INCLUDE_IN_FRAMEWORK_HEADER = YES;
				CLANG_WARN_RANGE_LOOP_ANALYSIS = YES;
				CLANG_WARN_STRICT_PROTOTYPES = YES;
				CLANG_WARN_SUSPICIOUS_MOVE = YES;
				CLANG_WARN_UNGUARDED_AVAILABILITY = YES_AGGRESSIVE;
				CLANG_WARN_UNREACHABLE_CODE = YES;
				CLANG_WARN__DUPLICATE_METHOD_MATCH = YES;
				COPY_PHASE_STRIP = NO;
				DEBUG_INFORMATION_FORMAT = dwarf;
				ENABLE_STRICT_OBJC_MSGSEND = YES;
				ENABLE_TESTABILITY = YES;
				ENABLE_USER_SCRIPT_SANDBOXING = YES;
				GCC_C_LANGUAGE_STANDARD = gnu11;
				GCC_DYNAMIC_NO_PIC = NO;
				GCC_NO_COMMON_BLOCKS = YES;
				GCC_OPTIMIZATION_LEVEL = 0;
				GCC_PREPROCESSOR_DEFINITIONS = (
					"DEBUG=1",
					"$(inherited)",
				);
				GCC_WARN_64_TO_32_BIT_CONVERSION = YES;
				GCC_WARN_ABOUT_RETURN_TYPE = YES_ERROR;
				GCC_WARN_UNDECLARED_SELECTOR = YES;
				GCC_WARN_UNINITIALIZED_AUTOS = YES_AGGRESSIVE;
				GCC_WARN_UNUSED_FUNCTION = YES;
				GCC_WARN_UNUSED_VARIABLE = YES;
				MACOSX_DEPLOYMENT_TARGET = 14.0;
				MTL_ENABLE_DEBUG_INFO = INCLUDE_SOURCE;
				MTL_FAST_MATH = YES;
				ONLY_ACTIVE_ARCH = YES;
				PRODUCT_NAME = "$(TARGET_NAME)";
				SDKROOT = macosx;
				SWIFT_ACTIVE_COMPILATION_CONDITIONS = DEBUG;
				SWIFT_OPTIMIZATION_LEVEL = "-Onone";
				SWIFT_STRICT_CONCURRENCY = complete;
				SWIFT_VERSION = 6.0;
			};
			name = Debug;
		};
/* End XCBuildConfiguration section */

/* Begin XCConfigurationList section */
		38F5A56CB228733267966D72 /* Build configuration list for PBXProject "SomaFM" */ = {
			isa = XCConfigurationList;
			buildConfigurations = (
				F88DCD09AF19710F6D20FBAD /* Debug */,
				3801BDE2730C17AF6984DFDB /* Release */,
			);
			defaultConfigurationIsVisible = 0;
			defaultConfigurationName = Release;
		};
		3944481FA8D1559CA5006DED /* Build configuration list for PBXNativeTarget "SomaFMTests" */ = {
			isa = XCConfigurationList;
			buildConfigurations = (
				F450F37AD1AF4543B92D0C90 /* Release */,
				86CB2DB51AC9A2C567CD4564 /* Debug */,
			);
			defaultConfigurationIsVisible = 0;
			defaultConfigurationName = Release;
		};
		66DCF72A9239A3065EEA6F02 /* Build configuration list for PBXNativeTarget "SomaFM" */ = {
			isa = XCConfigurationList;
			buildConfigurations = (
				98B9A1F5A03579511D8BA17F /* Release */,
				78307329B854D77174C8E1D6 /* Debug */,
			);
			defaultConfigurationIsVisible = 0;
			defaultConfigurationName = Release;
		};
/* End XCConfigurationList section */
	};
	rootObject = 8C1BDDC38D6EFE3AEE8C0018 /* Project object */;
}
